<?xml version="1.0" encoding="utf-8"?>
<Project ToolsVersion="4.0" xmlns="http://schemas.microsoft.com/developer/msbuild/2003">
  <ItemGroup>
    <Filter Include="Source Files">
      <UniqueIdentifier>{8358fb1c-b4ec-4eeb-8e39-844da895937a}</UniqueIdentifier>
      <Extensions>cpp;c;cxx;rc;def;r;odl;idl;hpj;bat</Extensions>
    </Filter>
    <Filter Include="Header Files">
      <UniqueIdentifier>{518b3dc6-6a9b-44a9-b8f1-ce8f07fa4289}</UniqueIdentifier>
      <Extensions>h;hpp;hxx;hm;inl</Extensions>
    </Filter>
    <Filter Include="Resource Files">
      <UniqueIdentifier>{afe7e432-853f-4c07-89fc-2c47d50ab7f9}</UniqueIdentifier>
      <Extensions>ico;cur;bmp;dlg;rc2;rct;bin;rgs;gif;jpg;jpeg;jpe</Extensions>
    </Filter>
  </ItemGroup>
  <ItemGroup>
    <ClCompile Include="xmlparse.c">
      <Filter>Source Files</Filter>
    </ClCompile>
    <ClCompile Include="xmlrole.c">
      <Filter>Source Files</Filter>
    </ClCompile>
    <ClCompile Include="xmltok.c">
      <Filter>Source Files</Filter>
    </ClCompile>
    <ClCompile Include="xmltok_impl.c">
      <Filter>Source Files</Filter>
    </ClCompile>
    <ClCompile Include="xmltok_ns.c">
      <Filter>Source Files</Filter>
    </ClCompile>
  </ItemGroup>
  <ItemGroup>
    <ClInclude Include="ascii.h">
      <Filter>Header Files</Filter>
    </ClInclude>
    <ClInclude Include="asciitab.h">
      <Filter>Header Files</Filter>
    </ClInclude>
    <ClInclude Include="expat.h">
      <Filter>Header Files</Filter>
    </ClInclude>
    <ClInclude Include="expat_external.h">
      <Filter>Header Files</Filter>
    </ClInclude>
    <ClInclude Include="iasciitab.h">
      <Filter>Header Files</Filter>
    </ClInclude>
    <ClInclude Include="internal.h">
      <Filter>Header Files</Filter>
    </ClInclude>
    <ClInclude Include="latin1tab.h">
      <Filter>Header Files</Filter>
    </ClInclude>
    <ClInclude Include="nametab.h">
      <Filter>Header Files</Filter>
    </ClInclude>
    <ClInclude Include="utf8tab.h">
      <Filter>Header Files</Filter>
    </ClInclude>
    <ClInclude Include="xmlrole.h">
      <Filter>Header Files</Filter>
    </ClInclude>
    <ClInclude Include="xmltok.h">
      <Filter>Header Files</Filter>
    </ClInclude>
    <ClInclude Include="xmltok_impl.h">
      <Filter>Header Files</Filter>
    </ClInclude>
  </ItemGroup>
  <ItemGroup>
    <CustomBuild Include="libexpatw.def">
      <Filter>Source Files</Filter>
    </CustomBuild>
  </ItemGroup>
</Project>