
Microsoft Visual Studio Solution File, Format Version 11.00
# Visual Studio 2010
Project("{8BC9CEB8-8B4A-11D0-8D11-00A0C91BC942}") = "expat", "lib\expat.vcxproj", "{46894A92-CE7D-4967-CDF7-99DE8F028FB9}"
EndProject
Project("{8BC9CEB8-8B4A-11D0-8D11-00A0C91BC942}") = "expat_static", "lib\expat_static.vcxproj", "{79A237C1-EEB5-017D-17BD-B3D1EF3A4202}"
EndProject
Project("{8BC9CEB8-8B4A-11D0-8D11-00A0C91BC942}") = "expatw", "lib\expatw.vcxproj", "{D3227ADB-0185-C7A0-ABAE-F2F5B7C218C2}"
EndProject
Project("{8BC9CEB8-8B4A-11D0-8D11-00A0C91BC942}") = "expatw_static", "lib\expatw_static.vcxproj", "{6965043F-25A3-8D83-2461-08F39397AEB9}"
EndProject
Global
	GlobalSection(SolutionConfigurationPlatforms) = preSolution
		Debug|Win32 = Debug|Win32
		Debug|x64 = Debug|x64
		Release|Win32 = Release|Win32
		Release|x64 = Release|x64
		Template|Win32 = Template|Win32
		Template|x64 = Template|x64
	EndGlobalSection
	GlobalSection(ProjectConfigurationPlatforms) = postSolution
		{46894A92-CE7D-4967-CDF7-99DE8F028FB9}.Debug|Win32.ActiveCfg = Debug|Win32
		{46894A92-CE7D-4967-CDF7-99DE8F028FB9}.Debug|Win32.Build.0 = Debug|Win32
		{46894A92-CE7D-4967-CDF7-99DE8F028FB9}.Debug|x64.ActiveCfg = Debug|x64
		{46894A92-CE7D-4967-CDF7-99DE8F028FB9}.Debug|x64.Build.0 = Debug|x64
		{46894A92-CE7D-4967-CDF7-99DE8F028FB9}.Release|Win32.ActiveCfg = Release|Win32
		{46894A92-CE7D-4967-CDF7-99DE8F028FB9}.Release|Win32.Build.0 = Release|Win32
		{46894A92-CE7D-4967-CDF7-99DE8F028FB9}.Release|x64.ActiveCfg = Release|x64
		{46894A92-CE7D-4967-CDF7-99DE8F028FB9}.Release|x64.Build.0 = Release|x64
		{46894A92-CE7D-4967-CDF7-99DE8F028FB9}.Template|Win32.ActiveCfg = Template|Win32
		{46894A92-CE7D-4967-CDF7-99DE8F028FB9}.Template|Win32.Build.0 = Template|Win32
		{46894A92-CE7D-4967-CDF7-99DE8F028FB9}.Template|x64.ActiveCfg = Template|x64
		{46894A92-CE7D-4967-CDF7-99DE8F028FB9}.Template|x64.Build.0 = Template|x64
		{79A237C1-EEB5-017D-17BD-B3D1EF3A4202}.Debug|Win32.ActiveCfg = Debug|Win32
		{79A237C1-EEB5-017D-17BD-B3D1EF3A4202}.Debug|Win32.Build.0 = Debug|Win32
		{79A237C1-EEB5-017D-17BD-B3D1EF3A4202}.Debug|x64.ActiveCfg = Debug|x64
		{79A237C1-EEB5-017D-17BD-B3D1EF3A4202}.Debug|x64.Build.0 = Debug|x64
		{79A237C1-EEB5-017D-17BD-B3D1EF3A4202}.Release|Win32.ActiveCfg = Release|Win32
		{79A237C1-EEB5-017D-17BD-B3D1EF3A4202}.Release|Win32.Build.0 = Release|Win32
		{79A237C1-EEB5-017D-17BD-B3D1EF3A4202}.Release|x64.ActiveCfg = Release|x64
		{79A237C1-EEB5-017D-17BD-B3D1EF3A4202}.Release|x64.Build.0 = Release|x64
		{79A237C1-EEB5-017D-17BD-B3D1EF3A4202}.Template|Win32.ActiveCfg = Template|Win32
		{79A237C1-EEB5-017D-17BD-B3D1EF3A4202}.Template|Win32.Build.0 = Template|Win32
		{79A237C1-EEB5-017D-17BD-B3D1EF3A4202}.Template|x64.ActiveCfg = Template|x64
		{79A237C1-EEB5-017D-17BD-B3D1EF3A4202}.Template|x64.Build.0 = Template|x64
		{D3227ADB-0185-C7A0-ABAE-F2F5B7C218C2}.Debug|Win32.ActiveCfg = Debug|Win32
		{D3227ADB-0185-C7A0-ABAE-F2F5B7C218C2}.Debug|Win32.Build.0 = Debug|Win32
		{D3227ADB-0185-C7A0-ABAE-F2F5B7C218C2}.Debug|x64.ActiveCfg = Debug|x64
		{D3227ADB-0185-C7A0-ABAE-F2F5B7C218C2}.Debug|x64.Build.0 = Debug|x64
		{D3227ADB-0185-C7A0-ABAE-F2F5B7C218C2}.Release|Win32.ActiveCfg = Release|Win32
		{D3227ADB-0185-C7A0-ABAE-F2F5B7C218C2}.Release|Win32.Build.0 = Release|Win32
		{D3227ADB-0185-C7A0-ABAE-F2F5B7C218C2}.Release|x64.ActiveCfg = Release|x64
		{D3227ADB-0185-C7A0-ABAE-F2F5B7C218C2}.Release|x64.Build.0 = Release|x64
		{D3227ADB-0185-C7A0-ABAE-F2F5B7C218C2}.Template|Win32.ActiveCfg = Template|Win32
		{D3227ADB-0185-C7A0-ABAE-F2F5B7C218C2}.Template|Win32.Build.0 = Template|Win32
		{D3227ADB-0185-C7A0-ABAE-F2F5B7C218C2}.Template|x64.ActiveCfg = Template|x64
		{D3227ADB-0185-C7A0-ABAE-F2F5B7C218C2}.Template|x64.Build.0 = Template|x64
		{6965043F-25A3-8D83-2461-08F39397AEB9}.Debug|Win32.ActiveCfg = Debug|Win32
		{6965043F-25A3-8D83-2461-08F39397AEB9}.Debug|Win32.Build.0 = Debug|Win32
		{6965043F-25A3-8D83-2461-08F39397AEB9}.Debug|x64.ActiveCfg = Debug|x64
		{6965043F-25A3-8D83-2461-08F39397AEB9}.Debug|x64.Build.0 = Debug|x64
		{6965043F-25A3-8D83-2461-08F39397AEB9}.Release|Win32.ActiveCfg = Release|Win32
		{6965043F-25A3-8D83-2461-08F39397AEB9}.Release|Win32.Build.0 = Release|Win32
		{6965043F-25A3-8D83-2461-08F39397AEB9}.Release|x64.ActiveCfg = Release|x64
		{6965043F-25A3-8D83-2461-08F39397AEB9}.Release|x64.Build.0 = Release|x64
		{6965043F-25A3-8D83-2461-08F39397AEB9}.Template|Win32.ActiveCfg = Template|Win32
		{6965043F-25A3-8D83-2461-08F39397AEB9}.Template|Win32.Build.0 = Template|Win32
		{6965043F-25A3-8D83-2461-08F39397AEB9}.Template|x64.ActiveCfg = Template|x64
		{6965043F-25A3-8D83-2461-08F39397AEB9}.Template|x64.Build.0 = Template|x64
	EndGlobalSection
	GlobalSection(SolutionProperties) = preSolution
		HideSolutionNode = FALSE
	EndGlobalSection
EndGlobal
