
Microsoft Visual Studio Solution File, Format Version 11.00
# Visual Studio 2010
Project("{2150E333-8FDC-42A3-9474-1A3956D46DE8}") = "Decompression", "Decompression", "{A58401E5-000C-40D8-A48E-246379D33F04}"
EndProject
Project("{8BC9CEB8-8B4A-11D0-8D11-00A0C91BC942}") = "dexample1", "decompression\example1\dexample1_RO-msvc10.vcxproj", "{EECD3C36-EEA4-41EA-931A-A8979EC4F5E4}"
EndProject
Project("{8BC9CEB8-8B4A-11D0-8D11-00A0C91BC942}") = "dexample2", "decompression\example2\dexample2_RO-msvc10.vcxproj", "{5F1A9F40-D064-4F68-B1C7-713FFEC6B4BC}"
EndProject
Project("{8BC9CEB8-8B4A-11D0-8D11-00A0C91BC942}") = "dexample5", "decompression\example5\dexample5_RO-msvc10.vcxproj", "{606CFE91-F1C6-4DE2-BBBE-719EDA4DA34E}"
EndProject
Project("{8BC9CEB8-8B4A-11D0-8D11-00A0C91BC942}") = "dexample6", "decompression\example6\dexample6_RO-msvc10.vcxproj", "{81A592A1-311D-4620-8DA9-B014D5FDB557}"
EndProject
Project("{8BC9CEB8-8B4A-11D0-8D11-00A0C91BC942}") = "dexample4", "decompression\example4\dexample4_RO-msvc10.vcxproj", "{724F69A1-9D36-4D74-945C-B8FB0B653025}"
EndProject
Global
	GlobalSection(SolutionConfigurationPlatforms) = preSolution
		Debug|Win32 = Debug|Win32
		Debug|x64 = Debug|x64
		Release|Win32 = Release|Win32
		Release|x64 = Release|x64
	EndGlobalSection
	GlobalSection(ProjectConfigurationPlatforms) = postSolution
		{EECD3C36-EEA4-41EA-931A-A8979EC4F5E4}.Debug|Win32.ActiveCfg = Debug|Win32
		{EECD3C36-EEA4-41EA-931A-A8979EC4F5E4}.Debug|Win32.Build.0 = Debug|Win32
		{EECD3C36-EEA4-41EA-931A-A8979EC4F5E4}.Debug|x64.ActiveCfg = Debug|x64
		{EECD3C36-EEA4-41EA-931A-A8979EC4F5E4}.Debug|x64.Build.0 = Debug|x64
		{EECD3C36-EEA4-41EA-931A-A8979EC4F5E4}.Release|Win32.ActiveCfg = Release|Win32
		{EECD3C36-EEA4-41EA-931A-A8979EC4F5E4}.Release|Win32.Build.0 = Release|Win32
		{EECD3C36-EEA4-41EA-931A-A8979EC4F5E4}.Release|x64.ActiveCfg = Release|x64
		{EECD3C36-EEA4-41EA-931A-A8979EC4F5E4}.Release|x64.Build.0 = Release|x64
		{5F1A9F40-D064-4F68-B1C7-713FFEC6B4BC}.Debug|Win32.ActiveCfg = Debug|Win32
		{5F1A9F40-D064-4F68-B1C7-713FFEC6B4BC}.Debug|Win32.Build.0 = Debug|Win32
		{5F1A9F40-D064-4F68-B1C7-713FFEC6B4BC}.Debug|x64.ActiveCfg = Debug|x64
		{5F1A9F40-D064-4F68-B1C7-713FFEC6B4BC}.Debug|x64.Build.0 = Debug|x64
		{5F1A9F40-D064-4F68-B1C7-713FFEC6B4BC}.Release|Win32.ActiveCfg = Release|Win32
		{5F1A9F40-D064-4F68-B1C7-713FFEC6B4BC}.Release|Win32.Build.0 = Release|Win32
		{5F1A9F40-D064-4F68-B1C7-713FFEC6B4BC}.Release|x64.ActiveCfg = Release|x64
		{5F1A9F40-D064-4F68-B1C7-713FFEC6B4BC}.Release|x64.Build.0 = Release|x64
		{606CFE91-F1C6-4DE2-BBBE-719EDA4DA34E}.Debug|Win32.ActiveCfg = Debug|Win32
		{606CFE91-F1C6-4DE2-BBBE-719EDA4DA34E}.Debug|Win32.Build.0 = Debug|Win32
		{606CFE91-F1C6-4DE2-BBBE-719EDA4DA34E}.Debug|x64.ActiveCfg = Debug|x64
		{606CFE91-F1C6-4DE2-BBBE-719EDA4DA34E}.Debug|x64.Build.0 = Debug|x64
		{606CFE91-F1C6-4DE2-BBBE-719EDA4DA34E}.Release|Win32.ActiveCfg = Release|Win32
		{606CFE91-F1C6-4DE2-BBBE-719EDA4DA34E}.Release|Win32.Build.0 = Release|Win32
		{606CFE91-F1C6-4DE2-BBBE-719EDA4DA34E}.Release|x64.ActiveCfg = Release|x64
		{606CFE91-F1C6-4DE2-BBBE-719EDA4DA34E}.Release|x64.Build.0 = Release|x64
		{81A592A1-311D-4620-8DA9-B014D5FDB557}.Debug|Win32.ActiveCfg = Debug|Win32
		{81A592A1-311D-4620-8DA9-B014D5FDB557}.Debug|Win32.Build.0 = Debug|Win32
		{81A592A1-311D-4620-8DA9-B014D5FDB557}.Debug|x64.ActiveCfg = Debug|x64
		{81A592A1-311D-4620-8DA9-B014D5FDB557}.Debug|x64.Build.0 = Debug|x64
		{81A592A1-311D-4620-8DA9-B014D5FDB557}.Release|Win32.ActiveCfg = Release|Win32
		{81A592A1-311D-4620-8DA9-B014D5FDB557}.Release|Win32.Build.0 = Release|Win32
		{81A592A1-311D-4620-8DA9-B014D5FDB557}.Release|x64.ActiveCfg = Release|x64
		{81A592A1-311D-4620-8DA9-B014D5FDB557}.Release|x64.Build.0 = Release|x64
		{724F69A1-9D36-4D74-945C-B8FB0B653025}.Debug|Win32.ActiveCfg = Debug|Win32
		{724F69A1-9D36-4D74-945C-B8FB0B653025}.Debug|Win32.Build.0 = Debug|Win32
		{724F69A1-9D36-4D74-945C-B8FB0B653025}.Debug|x64.ActiveCfg = Debug|x64
		{724F69A1-9D36-4D74-945C-B8FB0B653025}.Debug|x64.Build.0 = Debug|x64
		{724F69A1-9D36-4D74-945C-B8FB0B653025}.Release|Win32.ActiveCfg = Release|Win32
		{724F69A1-9D36-4D74-945C-B8FB0B653025}.Release|Win32.Build.0 = Release|Win32
		{724F69A1-9D36-4D74-945C-B8FB0B653025}.Release|x64.ActiveCfg = Release|x64
		{724F69A1-9D36-4D74-945C-B8FB0B653025}.Release|x64.Build.0 = Release|x64
	EndGlobalSection
	GlobalSection(SolutionProperties) = preSolution
		HideSolutionNode = FALSE
	EndGlobalSection
	GlobalSection(NestedProjects) = preSolution
		{EECD3C36-EEA4-41EA-931A-A8979EC4F5E4} = {A58401E5-000C-40D8-A48E-246379D33F04}
		{5F1A9F40-D064-4F68-B1C7-713FFEC6B4BC} = {A58401E5-000C-40D8-A48E-246379D33F04}
		{606CFE91-F1C6-4DE2-BBBE-719EDA4DA34E} = {A58401E5-000C-40D8-A48E-246379D33F04}
		{81A592A1-311D-4620-8DA9-B014D5FDB557} = {A58401E5-000C-40D8-A48E-246379D33F04}
		{724F69A1-9D36-4D74-945C-B8FB0B653025} = {A58401E5-000C-40D8-A48E-246379D33F04}
	EndGlobalSection
EndGlobal
