
Microsoft Visual Studio Solution File, Format Version 9.00
# Visual Studio 2005
Project("{8BC9CEB8-8B4A-11D0-8D11-00A0C91BC942}") = "dexample1", "decompression\example1\dexample1_RO-msvc80.vcproj", "{C81E494B-40A2-4860-AFAD-862E7925E3A1}"
EndProject
Project("{8BC9CEB8-8B4A-11D0-8D11-00A0C91BC942}") = "dexample2", "decompression\example2\dexample2_RO-msvc80.vcproj", "{CCBDC8AF-609A-4F41-A4DB-D6806C58F87B}"
EndProject
Project("{8BC9CEB8-8B4A-11D0-8D11-00A0C91BC942}") = "dexample4", "decompression\example4\dexample4_RO-msvc80.vcproj", "{272CD3B4-3019-4EFC-95EA-7C48F910746E}"
EndProject
Project("{8BC9CEB8-8B4A-11D0-8D11-00A0C91BC942}") = "dexample5", "decompression\example5\dexample5_RO-msvc80.vcproj", "{606CDE91-F6C6-40E2-BBBE-719EDB4DA34E}"
EndProject
Project("{8BC9CEB8-8B4A-11D0-8D11-00A0C91BC942}") = "dexample6", "decompression\example6\dexample6_RO-msvc80.vcproj", "{81E592A1-311D-4620-8DA9-B034D5FDB957}"
EndProject
Global
	GlobalSection(DPCodeReviewSolutionGUID) = preSolution
		DPCodeReviewSolutionGUID = {00000000-0000-0000-0000-000000000000}
	EndGlobalSection
	GlobalSection(SolutionConfigurationPlatforms) = preSolution
		Debug|Win32 = Debug|Win32
		Debug|x64 = Debug|x64
		Release|Win32 = Release|Win32
		Release|x64 = Release|x64
	EndGlobalSection
	GlobalSection(ProjectConfigurationPlatforms) = postSolution
		{C81E494B-40A2-4860-AFAD-862E7925E3A1}.Debug|Win32.ActiveCfg = Debug|Win32
		{C81E494B-40A2-4860-AFAD-862E7925E3A1}.Debug|Win32.Build.0 = Debug|Win32
		{C81E494B-40A2-4860-AFAD-862E7925E3A1}.Debug|x64.ActiveCfg = Debug|x64
		{C81E494B-40A2-4860-AFAD-862E7925E3A1}.Debug|x64.Build.0 = Debug|x64
		{C81E494B-40A2-4860-AFAD-862E7925E3A1}.Release|Win32.ActiveCfg = Release|Win32
		{C81E494B-40A2-4860-AFAD-862E7925E3A1}.Release|Win32.Build.0 = Release|Win32
		{C81E494B-40A2-4860-AFAD-862E7925E3A1}.Release|x64.ActiveCfg = Release|x64
		{C81E494B-40A2-4860-AFAD-862E7925E3A1}.Release|x64.Build.0 = Release|x64
		{CCBDC8AF-609A-4F41-A4DB-D6806C58F87B}.Debug|Win32.ActiveCfg = Debug|Win32
		{CCBDC8AF-609A-4F41-A4DB-D6806C58F87B}.Debug|Win32.Build.0 = Debug|Win32
		{CCBDC8AF-609A-4F41-A4DB-D6806C58F87B}.Debug|x64.ActiveCfg = Debug|x64
		{CCBDC8AF-609A-4F41-A4DB-D6806C58F87B}.Debug|x64.Build.0 = Debug|x64
		{CCBDC8AF-609A-4F41-A4DB-D6806C58F87B}.Release|Win32.ActiveCfg = Release|Win32
		{CCBDC8AF-609A-4F41-A4DB-D6806C58F87B}.Release|Win32.Build.0 = Release|Win32
		{CCBDC8AF-609A-4F41-A4DB-D6806C58F87B}.Release|x64.ActiveCfg = Release|x64
		{CCBDC8AF-609A-4F41-A4DB-D6806C58F87B}.Release|x64.Build.0 = Release|x64
		{272CD3B4-3019-4EFC-95EA-7C48F910746E}.Debug|Win32.ActiveCfg = Debug|Win32
		{272CD3B4-3019-4EFC-95EA-7C48F910746E}.Debug|Win32.Build.0 = Debug|Win32
		{272CD3B4-3019-4EFC-95EA-7C48F910746E}.Debug|x64.ActiveCfg = Debug|x64
		{272CD3B4-3019-4EFC-95EA-7C48F910746E}.Debug|x64.Build.0 = Debug|x64
		{272CD3B4-3019-4EFC-95EA-7C48F910746E}.Release|Win32.ActiveCfg = Release|Win32
		{272CD3B4-3019-4EFC-95EA-7C48F910746E}.Release|Win32.Build.0 = Release|Win32
		{272CD3B4-3019-4EFC-95EA-7C48F910746E}.Release|x64.ActiveCfg = Release|x64
		{272CD3B4-3019-4EFC-95EA-7C48F910746E}.Release|x64.Build.0 = Release|x64
		{606CDE91-F6C6-40E2-BBBE-719EDB4DA34E}.Debug|Win32.ActiveCfg = Debug|Win32
		{606CDE91-F6C6-40E2-BBBE-719EDB4DA34E}.Debug|Win32.Build.0 = Debug|Win32
		{606CDE91-F6C6-40E2-BBBE-719EDB4DA34E}.Debug|x64.ActiveCfg = Debug|x64
		{606CDE91-F6C6-40E2-BBBE-719EDB4DA34E}.Debug|x64.Build.0 = Debug|x64
		{606CDE91-F6C6-40E2-BBBE-719EDB4DA34E}.Release|Win32.ActiveCfg = Release|Win32
		{606CDE91-F6C6-40E2-BBBE-719EDB4DA34E}.Release|Win32.Build.0 = Release|Win32
		{606CDE91-F6C6-40E2-BBBE-719EDB4DA34E}.Release|x64.ActiveCfg = Release|x64
		{606CDE91-F6C6-40E2-BBBE-719EDB4DA34E}.Release|x64.Build.0 = Release|x64
		{81E592A1-311D-4620-8DA9-B034D5FDB957}.Debug|Win32.ActiveCfg = Debug|Win32
		{81E592A1-311D-4620-8DA9-B034D5FDB957}.Debug|Win32.Build.0 = Debug|Win32
		{81E592A1-311D-4620-8DA9-B034D5FDB957}.Debug|x64.ActiveCfg = Debug|x64
		{81E592A1-311D-4620-8DA9-B034D5FDB957}.Debug|x64.Build.0 = Debug|x64
		{81E592A1-311D-4620-8DA9-B034D5FDB957}.Release|Win32.ActiveCfg = Release|Win32
		{81E592A1-311D-4620-8DA9-B034D5FDB957}.Release|Win32.Build.0 = Release|Win32
		{81E592A1-311D-4620-8DA9-B034D5FDB957}.Release|x64.ActiveCfg = Release|x64
		{81E592A1-311D-4620-8DA9-B034D5FDB957}.Release|x64.Build.0 = Release|x64
	EndGlobalSection
	GlobalSection(SolutionProperties) = preSolution
		HideSolutionNode = FALSE
	EndGlobalSection
EndGlobal
